<?xml version="1.0" encoding="utf-8"?>
<Project ToolsVersion="4.0" xmlns="http://schemas.microsoft.com/developer/msbuild/2003">
  <ItemGroup>
    <ClCompile Include="ast.cpp">
      <Filter>Source Files</Filter>
    </ClCompile>
    <ClCompile Include="ast_scan.cpp">
      <Filter>Source Files</Filter>
    </ClCompile>
    <ClCompile Include="attrcache.cpp">
      <Filter>Source Files</Filter>
    </ClCompile>
    <ClCompile Include="boolexp.cpp">
      <Filter>Source Files</Filter>
    </ClCompile>
    <ClCompile Include="command.cpp">
      <Filter>Source Files</Filter>
    </ClCompile>
    <ClCompile Include="comsys.cpp">
      <Filter>Source Files</Filter>
    </ClCompile>
    <ClCompile Include="conf.cpp">
      <Filter>Source Files</Filter>
    </ClCompile>
    <ClCompile Include="conn_bridge.cpp">
      <Filter>Source Files</Filter>
    </ClCompile>
    <ClCompile Include="cque.cpp">
      <Filter>Source Files</Filter>
    </ClCompile>
    <ClCompile Include="create.cpp">
      <Filter>Source Files</Filter>
    </ClCompile>
    <ClCompile Include="cron.cpp">
      <Filter>Source Files</Filter>
    </ClCompile>
    <ClCompile Include="db.cpp">
      <Filter>Source Files</Filter>
    </ClCompile>
    <ClCompile Include="db_rw.cpp">
      <Filter>Source Files</Filter>
    </ClCompile>
    <ClCompile Include="engine.cpp">
      <Filter>Source Files</Filter>
    </ClCompile>
    <ClCompile Include="engine_com.cpp">
      <Filter>Source Files</Filter>
    </ClCompile>
    <ClCompile Include="eval.cpp">
      <Filter>Source Files</Filter>
    </ClCompile>
    <ClCompile Include="file_c.cpp">
      <Filter>Source Files</Filter>
    </ClCompile>
    <ClCompile Include="flags.cpp">
      <Filter>Source Files</Filter>
    </ClCompile>
    <ClCompile Include="funceval.cpp">
      <Filter>Source Files</Filter>
    </ClCompile>
    <ClCompile Include="funceval2.cpp">
      <Filter>Source Files</Filter>
    </ClCompile>
    <ClCompile Include="functions.cpp">
      <Filter>Source Files</Filter>
    </ClCompile>
    <ClCompile Include="funcweb.cpp">
      <Filter>Source Files</Filter>
    </ClCompile>
    <ClCompile Include="funmath.cpp">
      <Filter>Source Files</Filter>
    </ClCompile>
    <ClCompile Include="help.cpp">
      <Filter>Source Files</Filter>
    </ClCompile>
    <ClCompile Include="htab.cpp">
      <Filter>Source Files</Filter>
    </ClCompile>
    <ClCompile Include="levels.cpp">
      <Filter>Source Files</Filter>
    </ClCompile>
    <ClCompile Include="local.cpp">
      <Filter>Source Files</Filter>
    </ClCompile>
    <ClCompile Include="log.cpp">
      <Filter>Source Files</Filter>
    </ClCompile>
    <ClCompile Include="look.cpp">
      <Filter>Source Files</Filter>
    </ClCompile>
    <ClCompile Include="lua_mod.cpp">
      <Filter>Source Files</Filter>
    </ClCompile>
    <ClCompile Include="mail.cpp">
      <Filter>Source Files</Filter>
    </ClCompile>
    <ClCompile Include="match.cpp">
      <Filter>Source Files</Filter>
    </ClCompile>
    <ClCompile Include="mguests.cpp">
      <Filter>Source Files</Filter>
    </ClCompile>
    <ClCompile Include="move.cpp">
      <Filter>Source Files</Filter>
    </ClCompile>
    <ClCompile Include="object.cpp">
      <Filter>Source Files</Filter>
    </ClCompile>
    <ClCompile Include="player.cpp">
      <Filter>Source Files</Filter>
    </ClCompile>
    <ClCompile Include="player_c.cpp">
      <Filter>Source Files</Filter>
    </ClCompile>
    <ClCompile Include="plusemail.cpp">
      <Filter>Source Files</Filter>
    </ClCompile>
    <ClCompile Include="powers.cpp">
      <Filter>Source Files</Filter>
    </ClCompile>
    <ClCompile Include="predicates.cpp">
      <Filter>Source Files</Filter>
    </ClCompile>
    <ClCompile Include="quota.cpp">
      <Filter>Source Files</Filter>
    </ClCompile>
    <ClCompile Include="rob.cpp">
      <Filter>Source Files</Filter>
    </ClCompile>
    <ClCompile Include="session.cpp">
      <Filter>Source Files</Filter>
    </ClCompile>
    <ClCompile Include="set.cpp">
      <Filter>Source Files</Filter>
    </ClCompile>
    <ClCompile Include="speech.cpp">
      <Filter>Source Files</Filter>
    </ClCompile>
    <ClCompile Include="sqlite_backend.cpp">
      <Filter>Source Files</Filter>
    </ClCompile>
    <ClCompile Include="..\..\sqlite\sqlite3.c">
      <Filter>Source Files</Filter>
    </ClCompile>
    <ClCompile Include="sqlitedb.cpp">
      <Filter>Source Files</Filter>
    </ClCompile>
    <ClCompile Include="timer.cpp">
      <Filter>Source Files</Filter>
    </ClCompile>
    <ClCompile Include="unparse.cpp">
      <Filter>Source Files</Filter>
    </ClCompile>
    <ClCompile Include="vattr.cpp">
      <Filter>Source Files</Filter>
    </ClCompile>
    <ClCompile Include="walkdb.cpp">
      <Filter>Source Files</Filter>
    </ClCompile>
    <ClCompile Include="wild.cpp">
      <Filter>Source Files</Filter>
    </ClCompile>
    <ClCompile Include="wiz.cpp">
      <Filter>Source Files</Filter>
    </ClCompile>
  </ItemGroup>
  <ItemGroup>
    <Filter Include="Header Files">
      <UniqueIdentifier>{bb7b1d92-cd4e-4376-9039-43222f1e90e1}</UniqueIdentifier>
    </Filter>
    <Filter Include="Source Files">
      <UniqueIdentifier>{b2e9360b-5df5-4eb9-a7ca-376109189741}</UniqueIdentifier>
    </Filter>
  </ItemGroup>
</Project>