<?xml version="1.0" encoding="utf-8"?>
<Project ToolsVersion="4.0" xmlns="http://schemas.microsoft.com/developer/msbuild/2003">
  <ItemGroup>
    <Filter Include="Source Files">
      <UniqueIdentifier>{296a49c9-b8fb-43d8-b253-f304d8fdc5b0}</UniqueIdentifier>
      <Extensions>cpp;c;cxx;rc;def;r;odl;idl;hpj;bat</Extensions>
    </Filter>
    <Filter Include="Header Files">
      <UniqueIdentifier>{e26855fe-2380-4201-babe-bbf8b586ec9d}</UniqueIdentifier>
      <Extensions>h;hpp;hxx;hm;inl</Extensions>
    </Filter>
  </ItemGroup>
  <ItemGroup>
    <ClCompile Include="lib\alarm.cpp">
      <Filter>Source Files</Filter>
    </ClCompile>
    <ClCompile Include="lib\alloc.cpp">
      <Filter>Source Files</Filter>
    </ClCompile>
    <ClCompile Include="lib\color_ops.c">
      <Filter>Source Files</Filter>
    </ClCompile>
    <ClCompile Include="lib\dbutil.cpp">
      <Filter>Source Files</Filter>
    </ClCompile>
    <ClCompile Include="lib\libmux.cpp">
      <Filter>Source Files</Filter>
    </ClCompile>
    <ClCompile Include="lib\mathutil.cpp">
      <Filter>Source Files</Filter>
    </ClCompile>
    <ClCompile Include="lib\sha1.cpp">
      <Filter>Source Files</Filter>
    </ClCompile>
    <ClCompile Include="lib\stringutil.cpp">
      <Filter>Source Files</Filter>
    </ClCompile>
    <ClCompile Include="lib\strtod.cpp">
      <Filter>Source Files</Filter>
    </ClCompile>
    <ClCompile Include="lib\svdhash.cpp">
      <Filter>Source Files</Filter>
    </ClCompile>
    <ClCompile Include="lib\svdrand.cpp">
      <Filter>Source Files</Filter>
    </ClCompile>
    <ClCompile Include="lib\timeabsolute.cpp">
      <Filter>Source Files</Filter>
    </ClCompile>
    <ClCompile Include="lib\timedelta.cpp">
      <Filter>Source Files</Filter>
    </ClCompile>
    <ClCompile Include="lib\timeparser.cpp">
      <Filter>Source Files</Filter>
    </ClCompile>
    <ClCompile Include="lib\timeutil.cpp">
      <Filter>Source Files</Filter>
    </ClCompile>
    <ClCompile Include="lib\timezone.cpp">
      <Filter>Source Files</Filter>
    </ClCompile>
    <ClCompile Include="lib\unicode_tables.c">
      <Filter>Source Files</Filter>
    </ClCompile>
    <ClCompile Include="lib\utf8_collate.cpp">
      <Filter>Source Files</Filter>
    </ClCompile>
    <ClCompile Include="lib\utf8_grapheme.cpp">
      <Filter>Source Files</Filter>
    </ClCompile>
    <ClCompile Include="lib\utf8_normalize.cpp">
      <Filter>Source Files</Filter>
    </ClCompile>
    <ClCompile Include="lib\utf8tables.cpp">
      <Filter>Source Files</Filter>
    </ClCompile>
  </ItemGroup>
  <ItemGroup>
    <ClInclude Include="include\color_ops.h">
      <Filter>Header Files</Filter>
    </ClInclude>
    <ClInclude Include="include\config.h">
      <Filter>Header Files</Filter>
    </ClInclude>
    <ClInclude Include="include\libmux.h">
      <Filter>Header Files</Filter>
    </ClInclude>
    <ClInclude Include="include\unicode_tables_c.h">
      <Filter>Header Files</Filter>
    </ClInclude>
    <ClInclude Include="include\utf8tables.h">
      <Filter>Header Files</Filter>
    </ClInclude>
  </ItemGroup>
</Project>