<?xml version="1.0" encoding="utf-8"?>
<Project ToolsVersion="4.0" xmlns="http://schemas.microsoft.com/developer/msbuild/2003">
  <ItemGroup>
    <Filter Include="Source Files">
      <UniqueIdentifier>{bbf2b9f8-ad5c-40a7-93a4-226f550dafb4}</UniqueIdentifier>
      <Extensions>cpp;c;cxx;rc;def;r;odl;idl;hpj;bat</Extensions>
    </Filter>
    <Filter Include="Header Files">
      <UniqueIdentifier>{cd6551c6-86e9-4e39-a824-de23ccb6c5af}</UniqueIdentifier>
      <Extensions>h;hpp;hxx;hm;inl</Extensions>
    </Filter>
  </ItemGroup>
  <ItemGroup>
    <ClCompile Include="src\_build.cpp">
      <Filter>Source Files</Filter>
    </ClCompile>
    <ClCompile Include="src\bsd.cpp">
      <Filter>Source Files</Filter>
    </ClCompile>
    <ClCompile Include="src\driver.cpp">
      <Filter>Source Files</Filter>
    </ClCompile>
    <ClCompile Include="src\driver_bridge.cpp">
      <Filter>Source Files</Filter>
    </ClCompile>
    <ClCompile Include="src\ganl_adapter.cpp">
      <Filter>Source Files</Filter>
    </ClCompile>
    <ClCompile Include="src\modules.cpp">
      <Filter>Source Files</Filter>
    </ClCompile>
    <ClCompile Include="src\platform.cpp">
      <Filter>Source Files</Filter>
    </ClCompile>
    <ClCompile Include="src\muxcli.cpp">
      <Filter>Source Files</Filter>
    </ClCompile>
    <ClCompile Include="src\net.cpp">
      <Filter>Source Files</Filter>
    </ClCompile>
    <ClCompile Include="src\netaddr.cpp">
      <Filter>Source Files</Filter>
    </ClCompile>
    <ClCompile Include="src\signals.cpp">
      <Filter>Source Files</Filter>
    </ClCompile>
    <ClCompile Include="src\sitemon.cpp">
      <Filter>Source Files</Filter>
    </ClCompile>
    <ClCompile Include="src\telnet.cpp">
      <Filter>Source Files</Filter>
    </ClCompile>
    <ClCompile Include="src\version.cpp">
      <Filter>Source Files</Filter>
    </ClCompile>
    <ClCompile Include="src\websocket.cpp">
      <Filter>Source Files</Filter>
    </ClCompile>
  </ItemGroup>
  <ItemGroup>
    <ClInclude Include="include\_build.h">
      <Filter>Header Files</Filter>
    </ClInclude>
    <ClInclude Include="include\config.h">
      <Filter>Header Files</Filter>
    </ClInclude>
    <ClInclude Include="include\copyright.h">
      <Filter>Header Files</Filter>
    </ClInclude>
    <ClInclude Include="include\driver_log.h">
      <Filter>Header Files</Filter>
    </ClInclude>
    <ClInclude Include="include\externs.h">
      <Filter>Header Files</Filter>
    </ClInclude>
    <ClInclude Include="include\driverstate.h">
      <Filter>Header Files</Filter>
    </ClInclude>
    <ClInclude Include="include\driver_bridge.h">
      <Filter>Header Files</Filter>
    </ClInclude>
    <ClInclude Include="include\ganl_adapter.h">
      <Filter>Header Files</Filter>
    </ClInclude>
    <ClInclude Include="include\ganl_stub.h">
      <Filter>Header Files</Filter>
    </ClInclude>
    <ClInclude Include="include\interface.h">
      <Filter>Header Files</Filter>
    </ClInclude>
    <ClInclude Include="include\libmux.h">
      <Filter>Header Files</Filter>
    </ClInclude>
    <ClInclude Include="include\modules.h">
      <Filter>Header Files</Filter>
    </ClInclude>
    <ClInclude Include="include\muxcli.h">
      <Filter>Header Files</Filter>
    </ClInclude>
    <ClInclude Include="include\svdrand.h">
      <Filter>Header Files</Filter>
    </ClInclude>
    <ClInclude Include="include\timeutil.h">
      <Filter>Header Files</Filter>
    </ClInclude>
  </ItemGroup>
</Project>