<?xml version="1.0" encoding="utf-8"?>
<Project ToolsVersion="4.0" xmlns="http://schemas.microsoft.com/developer/msbuild/2003">
  <ItemGroup>
    <ClCompile Include="lapi.c">
      <Filter>Source Files</Filter>
    </ClCompile>
    <ClCompile Include="lauxlib.c">
      <Filter>Source Files</Filter>
    </ClCompile>
    <ClCompile Include="lbaselib.c">
      <Filter>Source Files</Filter>
    </ClCompile>
    <ClCompile Include="lcode.c">
      <Filter>Source Files</Filter>
    </ClCompile>
    <ClCompile Include="lcorolib.c">
      <Filter>Source Files</Filter>
    </ClCompile>
    <ClCompile Include="lctype.c">
      <Filter>Source Files</Filter>
    </ClCompile>
    <ClCompile Include="ldblib.c">
      <Filter>Source Files</Filter>
    </ClCompile>
    <ClCompile Include="ldebug.c">
      <Filter>Source Files</Filter>
    </ClCompile>
    <ClCompile Include="ldo.c">
      <Filter>Source Files</Filter>
    </ClCompile>
    <ClCompile Include="ldump.c">
      <Filter>Source Files</Filter>
    </ClCompile>
    <ClCompile Include="lfunc.c">
      <Filter>Source Files</Filter>
    </ClCompile>
    <ClCompile Include="lgc.c">
      <Filter>Source Files</Filter>
    </ClCompile>
    <ClCompile Include="linit.c">
      <Filter>Source Files</Filter>
    </ClCompile>
    <ClCompile Include="liolib.c">
      <Filter>Source Files</Filter>
    </ClCompile>
    <ClCompile Include="llex.c">
      <Filter>Source Files</Filter>
    </ClCompile>
    <ClCompile Include="lmathlib.c">
      <Filter>Source Files</Filter>
    </ClCompile>
    <ClCompile Include="lmem.c">
      <Filter>Source Files</Filter>
    </ClCompile>
    <ClCompile Include="loadlib.c">
      <Filter>Source Files</Filter>
    </ClCompile>
    <ClCompile Include="lobject.c">
      <Filter>Source Files</Filter>
    </ClCompile>
    <ClCompile Include="lopcodes.c">
      <Filter>Source Files</Filter>
    </ClCompile>
    <ClCompile Include="loslib.c">
      <Filter>Source Files</Filter>
    </ClCompile>
    <ClCompile Include="lparser.c">
      <Filter>Source Files</Filter>
    </ClCompile>
    <ClCompile Include="lstate.c">
      <Filter>Source Files</Filter>
    </ClCompile>
    <ClCompile Include="lstring.c">
      <Filter>Source Files</Filter>
    </ClCompile>
    <ClCompile Include="lstrlib.c">
      <Filter>Source Files</Filter>
    </ClCompile>
    <ClCompile Include="ltable.c">
      <Filter>Source Files</Filter>
    </ClCompile>
    <ClCompile Include="ltablib.c">
      <Filter>Source Files</Filter>
    </ClCompile>
    <ClCompile Include="ltm.c">
      <Filter>Source Files</Filter>
    </ClCompile>
    <ClCompile Include="lundump.c">
      <Filter>Source Files</Filter>
    </ClCompile>
    <ClCompile Include="lutf8lib.c">
      <Filter>Source Files</Filter>
    </ClCompile>
    <ClCompile Include="lvm.c">
      <Filter>Source Files</Filter>
    </ClCompile>
    <ClCompile Include="lzio.c">
      <Filter>Source Files</Filter>
    </ClCompile>
  </ItemGroup>
  <ItemGroup>
    <Filter Include="Source Files">
      <UniqueIdentifier>{29cbc9af-3a26-4b0b-bcfd-0fbe6bd2e08d}</UniqueIdentifier>
    </Filter>
  </ItemGroup>
</Project>