<?xml version="1.0" encoding="utf-8"?>
<Project ToolsVersion="4.0" xmlns="http://schemas.microsoft.com/developer/msbuild/2003">
  <ItemGroup>
    <Filter Include="Source Files">
      <UniqueIdentifier>{4FC737F1-C7A5-4376-A066-2A32D752A2FF}</UniqueIdentifier>
      <Extensions>cpp;c;cxx;rc;def;r;odl;idl;hpj;bat</Extensions>
    </Filter>
    <Filter Include="Header Files">
      <UniqueIdentifier>{93995380-89BD-4b04-88EB-625FBE52EBFB}</UniqueIdentifier>
      <Extensions>h;hpp;hxx;hm;inl</Extensions>
    </Filter>
    <Filter Include="Resource Files">
      <UniqueIdentifier>{67DA6AB6-F800-4c08-8B7A-83BB121AAD01}</UniqueIdentifier>
      <Extensions>ico;cur;bmp;dlg;rc2;rct;bin;rgs;gif;jpg;jpeg;jpe</Extensions>
    </Filter>
  </ItemGroup>
  <ItemGroup>
    <ClCompile Include="src\connection.cpp">
      <Filter>Source Files</Filter>
    </ClCompile>
    <ClCompile Include="src\io_buffer.cpp">
      <Filter>Source Files</Filter>
    </ClCompile>
    <ClCompile Include="src\iocp_network_engine.cpp">
      <Filter>Source Files</Filter>
    </ClCompile>
    <ClCompile Include="src\network_address.cpp">
      <Filter>Source Files</Filter>
    </ClCompile>
    <ClCompile Include="src\network_engine_factory.cpp">
      <Filter>Source Files</Filter>
    </ClCompile>
    <ClCompile Include="src\schannel_transport.cpp">
      <Filter>Source Files</Filter>
    </ClCompile>
    <ClCompile Include="src\secure_transport_factory.cpp">
      <Filter>Source Files</Filter>
    </ClCompile>
    <ClCompile Include="src\telnet_protocol_handler.cpp">
      <Filter>Source Files</Filter>
    </ClCompile>
    <ClCompile Include="src\wselect_network_engine.cpp">
      <Filter>Source Files</Filter>
    </ClCompile>
  </ItemGroup>
  <ItemGroup>
    <ClInclude Include="include\connection.h">
      <Filter>Header Files</Filter>
    </ClInclude>
    <ClInclude Include="include\epoll_network_engine.h">
      <Filter>Header Files</Filter>
    </ClInclude>
    <ClInclude Include="include\io_buffer.h">
      <Filter>Header Files</Filter>
    </ClInclude>
    <ClInclude Include="include\iocp_network_engine.h">
      <Filter>Header Files</Filter>
    </ClInclude>
    <ClInclude Include="include\kqueue_network_engine.h">
      <Filter>Header Files</Filter>
    </ClInclude>
    <ClInclude Include="include\network_engine.h">
      <Filter>Header Files</Filter>
    </ClInclude>
    <ClInclude Include="include\network_engine_factory.h">
      <Filter>Header Files</Filter>
    </ClInclude>
    <ClInclude Include="include\network_types.h">
      <Filter>Header Files</Filter>
    </ClInclude>
    <ClInclude Include="include\openssl_transport.h">
      <Filter>Header Files</Filter>
    </ClInclude>
    <ClInclude Include="include\protocol_handler.h">
      <Filter>Header Files</Filter>
    </ClInclude>
    <ClInclude Include="include\schannel_transport.h">
      <Filter>Header Files</Filter>
    </ClInclude>
    <ClInclude Include="include\secure_transport.h">
      <Filter>Header Files</Filter>
    </ClInclude>
    <ClInclude Include="include\secure_transport_factory.h">
      <Filter>Header Files</Filter>
    </ClInclude>
    <ClInclude Include="include\select_network_engine.h">
      <Filter>Header Files</Filter>
    </ClInclude>
    <ClInclude Include="include\session_manager.h">
      <Filter>Header Files</Filter>
    </ClInclude>
    <ClInclude Include="include\slave_spawn_posix.h">
      <Filter>Header Files</Filter>
    </ClInclude>
    <ClInclude Include="include\telnet_protocol_handler.h">
      <Filter>Header Files</Filter>
    </ClInclude>
    <ClInclude Include="include\wselect_network_engine.h">
      <Filter>Header Files</Filter>
    </ClInclude>
  </ItemGroup>
</Project>
