<?xml version="1.0" encoding="utf-8"?>
<Project ToolsVersion="4.0" xmlns="http://schemas.microsoft.com/developer/msbuild/2003">
  <ItemGroup>
    <Filter Include="Source Files">
      <UniqueIdentifier>{bbf2b9f8-ad5c-40a7-93a4-226f550dafb4}</UniqueIdentifier>
      <Extensions>cpp;c;cxx;rc;def;r;odl;idl;hpj;bat</Extensions>
    </Filter>
    <Filter Include="Header Files">
      <UniqueIdentifier>{cd6551c6-86e9-4e39-a824-de23ccb6c5af}</UniqueIdentifier>
      <Extensions>h;hpp;hxx;hm;inl</Extensions>
    </Filter>
    <Filter Include="Resource Files">
      <UniqueIdentifier>{c8d7ccb3-1e34-4708-901e-36db73d27ec8}</UniqueIdentifier>
      <Extensions>ico;cur;bmp;dlg;rc2;rct;bin;rgs;gif;jpg;jpeg;jpe</Extensions>
    </Filter>
  </ItemGroup>
  <ItemGroup>
    <ClCompile Include="_build.cpp">
      <Filter>Source Files</Filter>
    </ClCompile>
    <ClCompile Include="alarm.cpp">
      <Filter>Source Files</Filter>
    </ClCompile>
    <ClCompile Include="alloc.cpp">
      <Filter>Source Files</Filter>
    </ClCompile>
    <ClCompile Include="attrcache.cpp">
      <Filter>Source Files</Filter>
    </ClCompile>
    <ClCompile Include="boolexp.cpp">
      <Filter>Source Files</Filter>
    </ClCompile>
    <ClCompile Include="bsd.cpp">
      <Filter>Source Files</Filter>
    </ClCompile>
    <ClCompile Include="command.cpp">
      <Filter>Source Files</Filter>
    </ClCompile>
    <ClCompile Include="comsys.cpp">
      <Filter>Source Files</Filter>
    </ClCompile>
    <ClCompile Include="conf.cpp">
      <Filter>Source Files</Filter>
    </ClCompile>
    <ClCompile Include="cque.cpp">
      <Filter>Source Files</Filter>
    </ClCompile>
    <ClCompile Include="create.cpp">
      <Filter>Source Files</Filter>
    </ClCompile>
    <ClCompile Include="db.cpp">
      <Filter>Source Files</Filter>
    </ClCompile>
    <ClCompile Include="db_rw.cpp">
      <Filter>Source Files</Filter>
    </ClCompile>
    <ClCompile Include="eval.cpp">
      <Filter>Source Files</Filter>
    </ClCompile>
    <ClCompile Include="file_c.cpp">
      <Filter>Source Files</Filter>
    </ClCompile>
    <ClCompile Include="flags.cpp">
      <Filter>Source Files</Filter>
    </ClCompile>
    <ClCompile Include="funceval.cpp">
      <Filter>Source Files</Filter>
    </ClCompile>
    <ClCompile Include="funceval2.cpp">
      <Filter>Source Files</Filter>
    </ClCompile>
    <ClCompile Include="functions.cpp">
      <Filter>Source Files</Filter>
    </ClCompile>
    <ClCompile Include="funmath.cpp">
      <Filter>Source Files</Filter>
    </ClCompile>
    <ClCompile Include="game.cpp">
      <Filter>Source Files</Filter>
    </ClCompile>
    <ClCompile Include="help.cpp">
      <Filter>Source Files</Filter>
    </ClCompile>
    <ClCompile Include="htab.cpp">
      <Filter>Source Files</Filter>
    </ClCompile>
    <ClCompile Include="levels.cpp">
      <Filter>Source Files</Filter>
    </ClCompile>
    <ClCompile Include="local.cpp">
      <Filter>Source Files</Filter>
    </ClCompile>
    <ClCompile Include="log.cpp">
      <Filter>Source Files</Filter>
    </ClCompile>
    <ClCompile Include="look.cpp">
      <Filter>Source Files</Filter>
    </ClCompile>
    <ClCompile Include="mail.cpp">
      <Filter>Source Files</Filter>
    </ClCompile>
    <ClCompile Include="match.cpp">
      <Filter>Source Files</Filter>
    </ClCompile>
    <ClCompile Include="mathutil.cpp">
      <Filter>Source Files</Filter>
    </ClCompile>
    <ClCompile Include="mguests.cpp">
      <Filter>Source Files</Filter>
    </ClCompile>
    <ClCompile Include="modules.cpp">
      <Filter>Source Files</Filter>
    </ClCompile>
    <ClCompile Include="move.cpp">
      <Filter>Source Files</Filter>
    </ClCompile>
    <ClCompile Include="muxcli.cpp">
      <Filter>Source Files</Filter>
    </ClCompile>
    <ClCompile Include="netcommon.cpp">
      <Filter>Source Files</Filter>
    </ClCompile>
    <ClCompile Include="object.cpp">
      <Filter>Source Files</Filter>
    </ClCompile>
    <ClCompile Include="pcre.cpp">
      <Filter>Source Files</Filter>
    </ClCompile>
    <ClCompile Include="player.cpp">
      <Filter>Source Files</Filter>
    </ClCompile>
    <ClCompile Include="player_c.cpp">
      <Filter>Source Files</Filter>
    </ClCompile>
    <ClCompile Include="plusemail.cpp">
      <Filter>Source Files</Filter>
    </ClCompile>
    <ClCompile Include="powers.cpp">
      <Filter>Source Files</Filter>
    </ClCompile>
    <ClCompile Include="predicates.cpp">
      <Filter>Source Files</Filter>
    </ClCompile>
    <ClCompile Include="quota.cpp">
      <Filter>Source Files</Filter>
    </ClCompile>
    <ClCompile Include="rob.cpp">
      <Filter>Source Files</Filter>
    </ClCompile>
    <ClCompile Include="set.cpp">
      <Filter>Source Files</Filter>
    </ClCompile>
    <ClCompile Include="sha1.cpp">
      <Filter>Source Files</Filter>
    </ClCompile>
    <ClCompile Include="speech.cpp">
      <Filter>Source Files</Filter>
    </ClCompile>
    <ClCompile Include="stringutil.cpp">
      <Filter>Source Files</Filter>
    </ClCompile>
    <ClCompile Include="strtod.cpp">
      <Filter>Source Files</Filter>
    </ClCompile>
    <ClCompile Include="svdhash.cpp">
      <Filter>Source Files</Filter>
    </ClCompile>
    <ClCompile Include="svdrand.cpp">
      <Filter>Source Files</Filter>
    </ClCompile>
    <ClCompile Include="timeabsolute.cpp">
      <Filter>Source Files</Filter>
    </ClCompile>
    <ClCompile Include="timedelta.cpp">
      <Filter>Source Files</Filter>
    </ClCompile>
    <ClCompile Include="timeparser.cpp">
      <Filter>Source Files</Filter>
    </ClCompile>
    <ClCompile Include="timer.cpp">
      <Filter>Source Files</Filter>
    </ClCompile>
    <ClCompile Include="timeutil.cpp">
      <Filter>Source Files</Filter>
    </ClCompile>
    <ClCompile Include="timezone.cpp">
      <Filter>Source Files</Filter>
    </ClCompile>
    <ClCompile Include="unparse.cpp">
      <Filter>Source Files</Filter>
    </ClCompile>
    <ClCompile Include="utf8tables.cpp">
      <Filter>Source Files</Filter>
    </ClCompile>
    <ClCompile Include="vattr.cpp">
      <Filter>Source Files</Filter>
    </ClCompile>
    <ClCompile Include="version.cpp">
      <Filter>Source Files</Filter>
    </ClCompile>
    <ClCompile Include="walkdb.cpp">
      <Filter>Source Files</Filter>
    </ClCompile>
    <ClCompile Include="wild.cpp">
      <Filter>Source Files</Filter>
    </ClCompile>
    <ClCompile Include="wiz.cpp">
      <Filter>Source Files</Filter>
    </ClCompile>
  </ItemGroup>
  <ItemGroup>
    <ClInclude Include="_build.h">
      <Filter>Header Files</Filter>
    </ClInclude>
    <ClInclude Include="alloc.h">
      <Filter>Header Files</Filter>
    </ClInclude>
    <ClInclude Include="ansi.h">
      <Filter>Header Files</Filter>
    </ClInclude>
    <ClInclude Include="attrcache.h">
      <Filter>Header Files</Filter>
    </ClInclude>
    <ClInclude Include="attrs.h">
      <Filter>Header Files</Filter>
    </ClInclude>
    <ClInclude Include="autoconf.h">
      <Filter>Header Files</Filter>
    </ClInclude>
    <ClInclude Include="command.h">
      <Filter>Header Files</Filter>
    </ClInclude>
    <ClInclude Include="comsys.h">
      <Filter>Header Files</Filter>
    </ClInclude>
    <ClInclude Include="config.h">
      <Filter>Header Files</Filter>
    </ClInclude>
    <ClInclude Include="copyright.h">
      <Filter>Header Files</Filter>
    </ClInclude>
    <ClInclude Include="db.h">
      <Filter>Header Files</Filter>
    </ClInclude>
    <ClInclude Include="externs.h">
      <Filter>Header Files</Filter>
    </ClInclude>
    <ClInclude Include="file_c.h">
      <Filter>Header Files</Filter>
    </ClInclude>
    <ClInclude Include="flags.h">
      <Filter>Header Files</Filter>
    </ClInclude>
    <ClInclude Include="functions.h">
      <Filter>Header Files</Filter>
    </ClInclude>
    <ClInclude Include="funmath.h">
      <Filter>Header Files</Filter>
    </ClInclude>
    <ClInclude Include="help.h">
      <Filter>Header Files</Filter>
    </ClInclude>
    <ClInclude Include="htab.h">
      <Filter>Header Files</Filter>
    </ClInclude>
    <ClInclude Include="interface.h">
      <Filter>Header Files</Filter>
    </ClInclude>
    <ClInclude Include="levels.h">
      <Filter>Header Files</Filter>
    </ClInclude>
    <ClInclude Include="libmux.h">
      <Filter>Header Files</Filter>
    </ClInclude>
    <ClInclude Include="mail.h">
      <Filter>Header Files</Filter>
    </ClInclude>
    <ClInclude Include="match.h">
      <Filter>Header Files</Filter>
    </ClInclude>
    <ClInclude Include="mathutil.h">
      <Filter>Header Files</Filter>
    </ClInclude>
    <ClInclude Include="mguests.h">
      <Filter>Header Files</Filter>
    </ClInclude>
    <ClInclude Include="misc.h">
      <Filter>Header Files</Filter>
    </ClInclude>
    <ClInclude Include="modules.h">
      <Filter>Header Files</Filter>
    </ClInclude>
    <ClInclude Include="mudconf.h">
      <Filter>Header Files</Filter>
    </ClInclude>
    <ClInclude Include="muxcli.h">
      <Filter>Header Files</Filter>
    </ClInclude>
    <ClInclude Include="pcre.h">
      <Filter>Header Files</Filter>
    </ClInclude>
    <ClInclude Include="powers.h">
      <Filter>Header Files</Filter>
    </ClInclude>
    <ClInclude Include="sha1.h">
      <Filter>Header Files</Filter>
    </ClInclude>
    <ClInclude Include="slave.h">
      <Filter>Header Files</Filter>
    </ClInclude>
    <ClInclude Include="stringutil.h">
      <Filter>Header Files</Filter>
    </ClInclude>
    <ClInclude Include="svdhash.h">
      <Filter>Header Files</Filter>
    </ClInclude>
    <ClInclude Include="svdrand.h">
      <Filter>Header Files</Filter>
    </ClInclude>
    <ClInclude Include="timeutil.h">
      <Filter>Header Files</Filter>
    </ClInclude>
    <ClInclude Include="vattr.h">
      <Filter>Header Files</Filter>
    </ClInclude>
  </ItemGroup>
</Project>