<?xml version="1.0" encoding="utf-8"?>
<Project ToolsVersion="4.0" xmlns="http://schemas.microsoft.com/developer/msbuild/2003">
  <ItemGroup>
    <ClCompile Include="src\common\io_buffer.cpp">
      <Filter>Source Files</Filter>
    </ClCompile>
    <ClCompile Include="src\platform\factory\network_engine_factory.cpp">
      <Filter>Source Files</Filter>
    </ClCompile>
    <ClCompile Include="src\common\connection.cpp">
      <Filter>Source Files</Filter>
    </ClCompile>
    <ClCompile Include="src\platform\wselect\wselect_network_engine.cpp">
      <Filter>Source Files</Filter>
    </ClCompile>
    <ClCompile Include="src\platform\iocp\iocp_network_engine.cpp">
      <Filter>Source Files</Filter>
    </ClCompile>
    <ClCompile Include="src\ssl\schannel\schannel_transport.cpp">
      <Filter>Source Files</Filter>
    </ClCompile>
    <ClCompile Include="src\ssl\factory\secure_transport_factory.cpp">
      <Filter>Source Files</Filter>
    </ClCompile>
    <ClCompile Include="src\protocol\telnet\telnet_protocol_handler.cpp">
      <Filter>Source Files</Filter>
    </ClCompile>
  </ItemGroup>
  <ItemGroup>
    <ClInclude Include="include\ganl\connection.h">
      <Filter>Header Files</Filter>
    </ClInclude>
    <ClInclude Include="include\ganl\io_buffer.h">
      <Filter>Header Files</Filter>
    </ClInclude>
    <ClInclude Include="include\ganl\network_engine.h">
      <Filter>Header Files</Filter>
    </ClInclude>
    <ClInclude Include="src\platform\factory\network_engine_factory.h">
      <Filter>Header Files</Filter>
    </ClInclude>
    <ClInclude Include="include\ganl\network_types.h">
      <Filter>Header Files</Filter>
    </ClInclude>
    <ClInclude Include="include\ganl\protocol_handler.h">
      <Filter>Header Files</Filter>
    </ClInclude>
    <ClInclude Include="include\ganl\secure_transport.h">
      <Filter>Header Files</Filter>
    </ClInclude>
    <ClInclude Include="include\ganl\session_manager.h">
      <Filter>Header Files</Filter>
    </ClInclude>
    <ClInclude Include="src\platform\wselect\wselect_network_engine.h">
      <Filter>Header Files</Filter>
    </ClInclude>
    <ClInclude Include="src\platform\iocp\iocp_network_engine.h">
      <Filter>Header Files</Filter>
    </ClInclude>
    <ClInclude Include="src\ssl\schannel\schannel_transport.h">
      <Filter>Header Files</Filter>
    </ClInclude>
    <ClInclude Include="src\ssl\factory\secure_transport_factory.h">
      <Filter>Header Files</Filter>
    </ClInclude>
    <ClInclude Include="src\protocol\telnet\telnet_protocol_handler.h">
      <Filter>Header Files</Filter>
    </ClInclude>
  </ItemGroup>
  <ItemGroup>
    <Filter Include="Source Files">
      <UniqueIdentifier>{eba2b023-62c6-436b-b1c9-ab08127022cf}</UniqueIdentifier>
    </Filter>
    <Filter Include="Header Files">
      <UniqueIdentifier>{6c77cb5e-eebd-456f-a9ec-80def3211f84}</UniqueIdentifier>
    </Filter>
  </ItemGroup>
</Project>